
Microsoft Visual Studio Solution File, Format Version 12.00
# Visual Studio Version 17
VisualStudioVersion = 17.4.33213.308
MinimumVisualStudioVersion = 10.0.40219.1
Project("{FAE04EC0-301F-11D3-BF4B-00C04F79EFBC}") = "VFD Parameters", "VFD Parameters.csproj", "{A6BC61F3-6E40-4E6C-9EBB-A013C0D22CE5}"
EndProject
Global
	GlobalSection(SolutionConfigurationPlatforms) = preSolution
		Debug|Any CPU = Debug|Any CPU
		Release|Any CPU = Release|Any CPU
	EndGlobalSection
	GlobalSection(ProjectConfigurationPlatforms) = postSolution
		{A6BC61F3-6E40-4E6C-9EBB-A013C0D22CE5}.Debug|Any CPU.ActiveCfg = Debug|Any CPU
		{A6BC61F3-6E40-4E6C-9EBB-A013C0D22CE5}.Debug|Any CPU.Build.0 = Debug|Any CPU
		{A6BC61F3-6E40-4E6C-9EBB-A013C0D22CE5}.Release|Any CPU.ActiveCfg = Release|Any CPU
		{A6BC61F3-6E40-4E6C-9EBB-A013C0D22CE5}.Release|Any CPU.Build.0 = Release|Any CPU
	EndGlobalSection
	GlobalSection(SolutionProperties) = preSolution
		HideSolutionNode = FALSE
	EndGlobalSection
	GlobalSection(ExtensibilityGlobals) = postSolution
		SolutionGuid = {6FDADF05-8D8C-4A02-A014-9E15D67D62E1}
	EndGlobalSection
EndGlobal
